
Microsoft Visual Studio Solution File, Format Version 12.00
# Visual Studio Version 17
VisualStudioVersion = 17.2.32616.157
MinimumVisualStudioVersion = 10.0.40219.1
Project("{FAE04EC0-301F-11D3-BF4B-00C04F79EFBC}") = "Bowling.Tests", "Bowling.Tests\Bowling.Tests.csproj", "{BC1B8FF6-CB81-46BE-9186-80CDDA43A19D}"
EndProject
Project("{9A19103F-16F7-4668-BE54-9A1E7A4F7556}") = "Bowling", "Bowling\Bowling.csproj", "{5169F58A-9BE6-414A-8D2B-564B2ADEB469}"
EndProject
Global
	GlobalSection(SolutionConfigurationPlatforms) = preSolution
		Debug|Any CPU = Debug|Any CPU
		Release|Any CPU = Release|Any CPU
	EndGlobalSection
	GlobalSection(ProjectConfigurationPlatforms) = postSolution
		{BC1B8FF6-CB81-46BE-9186-80CDDA43A19D}.Debug|Any CPU.ActiveCfg = Debug|Any CPU
		{BC1B8FF6-CB81-46BE-9186-80CDDA43A19D}.Debug|Any CPU.Build.0 = Debug|Any CPU
		{BC1B8FF6-CB81-46BE-9186-80CDDA43A19D}.Release|Any CPU.ActiveCfg = Release|Any CPU
		{BC1B8FF6-CB81-46BE-9186-80CDDA43A19D}.Release|Any CPU.Build.0 = Release|Any CPU
		{5169F58A-9BE6-414A-8D2B-564B2ADEB469}.Debug|Any CPU.ActiveCfg = Debug|Any CPU
		{5169F58A-9BE6-414A-8D2B-564B2ADEB469}.Debug|Any CPU.Build.0 = Debug|Any CPU
		{5169F58A-9BE6-414A-8D2B-564B2ADEB469}.Release|Any CPU.ActiveCfg = Release|Any CPU
		{5169F58A-9BE6-414A-8D2B-564B2ADEB469}.Release|Any CPU.Build.0 = Release|Any CPU
	EndGlobalSection
	GlobalSection(SolutionProperties) = preSolution
		HideSolutionNode = FALSE
	EndGlobalSection
	GlobalSection(ExtensibilityGlobals) = postSolution
		SolutionGuid = {033AA2BF-D10A-4000-9832-57168F1C696F}
	EndGlobalSection
EndGlobal
